// !$*UTF8*$!
{
	archiveVersion = 1;
	classes = {
	};
	objectVersion = 77;
	objects = {

/* Begin PBXBuildFile section */
		275044A72F8F5CDC00EA9C7F /* EidolaAppCore in Frameworks */ = {isa = PBXBuildFile; productRef = 275044A62F8F5CDC00EA9C7F /* EidolaAppCore */; };
		27B0A0012FC00000000AAAAA /* MarkdownUI in Frameworks */ = {isa = PBXBuildFile; productRef = 27B0A0002FC00000000AAAAA /* MarkdownUI */; };
/* End PBXBuildFile section */

/* Begin PBXContainerItemProxy section */
		27AFF10C2F8F4BBA00CF847B /* PBXContainerItemProxy */ = {
			isa = PBXContainerItemProxy;
			containerPortal = 27AFF0F62F8F4BBA00CF847B /* Project object */;
			proxyType = 1;
			remoteGlobalIDString = 27AFF0FD2F8F4BBA00CF847B;
			remoteInfo = Eidola;
		};
		27AFF1162F8F4BBB00CF847B /* PBXContainerItemProxy */ = {
			isa = PBXContainerItemProxy;
			containerPortal = 27AFF0F62F8F4BBA00CF847B /* Project object */;
			proxyType = 1;
			remoteGlobalIDString = 27AFF0FD2F8F4BBA00CF847B;
			remoteInfo = Eidola;
		};
/* End PBXContainerItemProxy section */

/* Begin PBXFileReference section */
		27AFF0FE2F8F4BBA00CF847B /* Eidola.app */ = {isa = PBXFileReference; explicitFileType = wrapper.application; includeInIndex = 0; path = Eidola.app; sourceTree = BUILT_PRODUCTS_DIR; };
		27AFF10B2F8F4BBA00CF847B /* EidolaTests.xctest */ = {isa = PBXFileReference; explicitFileType = wrapper.cfbundle; includeInIndex = 0; path = EidolaTests.xctest; sourceTree = BUILT_PRODUCTS_DIR; };
		27AFF1152F8F4BBB00CF847B /* EidolaUITests.xctest */ = {isa = PBXFileReference; explicitFileType = wrapper.cfbundle; includeInIndex = 0; path = EidolaUITests.xctest; sourceTree = BUILT_PRODUCTS_DIR; };
/* End PBXFileReference section */

/* Begin PBXFileSystemSynchronizedRootGroup section */
		27AFF1002F8F4BBA00CF847B /* Eidola */ = {
			isa = PBXFileSystemSynchronizedRootGroup;
			path = Eidola;
			sourceTree = "<group>";
		};
		27AFF10E2F8F4BBA00CF847B /* EidolaTests */ = {
			isa = PBXFileSystemSynchronizedRootGroup;
			path = EidolaTests;
			sourceTree = "<group>";
		};
		27AFF1182F8F4BBB00CF847B /* EidolaUITests */ = {
			isa = PBXFileSystemSynchronizedRootGroup;
			path = EidolaUITests;
			sourceTree = "<group>";
		};
/* End PBXFileSystemSynchronizedRootGroup section */

/* Begin PBXFrameworksBuildPhase section */
		27AFF0FB2F8F4BBA00CF847B /* Frameworks */ = {
			isa = PBXFrameworksBuildPhase;
			buildActionMask = 2147483647;
			files = (
				275044A72F8F5CDC00EA9C7F /* EidolaAppCore in Frameworks */,
			);
			runOnlyForDeploymentPostprocessing = 0;
		};
		27AFF1082F8F4BBA00CF847B /* Frameworks */ = {
			isa = PBXFrameworksBuildPhase;
			buildActionMask = 2147483647;
			files = (
			);
			runOnlyForDeploymentPostprocessing = 0;
		};
		27AFF1122F8F4BBB00CF847B /* Frameworks */ = {
			isa = PBXFrameworksBuildPhase;
			buildActionMask = 2147483647;
			files = (
			);
			runOnlyForDeploymentPostprocessing = 0;
		};
/* End PBXFrameworksBuildPhase section */

/* Begin PBXGroup section */
		27AFF0F52F8F4BBA00CF847B = {
			isa = PBXGroup;
			children = (
				27AFF1002F8F4BBA00CF847B /* Eidola */,
				27AFF10E2F8F4BBA00CF847B /* EidolaTests */,
				27AFF1182F8F4BBB00CF847B /* EidolaUITests */,
				27AFF0FF2F8F4BBA00CF847B /* Products */,
			);
			sourceTree = "<group>";
		};
		27AFF0FF2F8F4BBA00CF847B /* Products */ = {
			isa = PBXGroup;
			children = (
				27AFF0FE2F8F4BBA00CF847B /* Eidola.app */,
				27AFF10B2F8F4BBA00CF847B /* EidolaTests.xctest */,
				27AFF1152F8F4BBB00CF847B /* EidolaUITests.xctest */,
			);
			name = Products;
			sourceTree = "<group>";
		};
/* End PBXGroup section */

/* Begin PBXNativeTarget section */
		27AFF0FD2F8F4BBA00CF847B /* Eidola */ = {
			isa = PBXNativeTarget;
			buildConfigurationList = 27AFF11F2F8F4BBB00CF847B /* Build configuration list for PBXNativeTarget "Eidola" */;
			buildPhases = (
				27AFF0FA2F8F4BBA00CF847B /* Sources */,
				27AFF0FB2F8F4BBA00CF847B /* Frameworks */,
				27AFF0FC2F8F4BBA00CF847B /* Resources */,
			);
			buildRules = (
			);
			dependencies = (
			);
			fileSystemSynchronizedGroups = (
				27AFF1002F8F4BBA00CF847B /* Eidola */,
			);
			name = Eidola;
			packageProductDependencies = (
				275044A62F8F5CDC00EA9C7F /* EidolaAppCore */,
				27B0A0002FC00000000AAAAA /* MarkdownUI */,
			);
			productName = Eidola;
			productReference = 27AFF0FE2F8F4BBA00CF847B /* Eidola.app */;
			productType = "com.apple.product-type.application";
		};
		27AFF10A2F8F4BBA00CF847B /* EidolaTests */ = {
			isa = PBXNativeTarget;
			buildConfigurationList = 27AFF1222F8F4BBB00CF847B /* Build configuration list for PBXNativeTarget "EidolaTests" */;
			buildPhases = (
				27AFF1072F8F4BBA00CF847B /* Sources */,
				27AFF1082F8F4BBA00CF847B /* Frameworks */,
				27AFF1092F8F4BBA00CF847B /* Resources */,
			);
			buildRules = (
			);
			dependencies = (
				27AFF10D2F8F4BBA00CF847B /* PBXTargetDependency */,
			);
			fileSystemSynchronizedGroups = (
				27AFF10E2F8F4BBA00CF847B /* EidolaTests */,
			);
			name = EidolaTests;
			packageProductDependencies = (
			);
			productName = EidolaTests;
			productReference = 27AFF10B2F8F4BBA00CF847B /* EidolaTests.xctest */;
			productType = "com.apple.product-type.bundle.unit-test";
		};
		27AFF1142F8F4BBB00CF847B /* EidolaUITests */ = {
			isa = PBXNativeTarget;
			buildConfigurationList = 27AFF1252F8F4BBB00CF847B /* Build configuration list for PBXNativeTarget "EidolaUITests" */;
			buildPhases = (
				27AFF1112F8F4BBB00CF847B /* Sources */,
				27AFF1122F8F4BBB00CF847B /* Frameworks */,
				27AFF1132F8F4BBB00CF847B /* Resources */,
			);
			buildRules = (
			);
			dependencies = (
				27AFF1172F8F4BBB00CF847B /* PBXTargetDependency */,
			);
			fileSystemSynchronizedGroups = (
				27AFF1182F8F4BBB00CF847B /* EidolaUITests */,
			);
			name = EidolaUITests;
			packageProductDependencies = (
			);
			productName = EidolaUITests;
			productReference = 27AFF1152F8F4BBB00CF847B /* EidolaUITests.xctest */;
			productType = "com.apple.product-type.bundle.ui-testing";
		};
/* End PBXNativeTarget section */

/* Begin PBXProject section */
		27AFF0F62F8F4BBA00CF847B /* Project object */ = {
			isa = PBXProject;
			attributes = {
				BuildIndependentTargetsInParallel = 1;
				LastSwiftUpdateCheck = 2640;
				LastUpgradeCheck = 2640;
				TargetAttributes = {
					27AFF0FD2F8F4BBA00CF847B = {
						CreatedOnToolsVersion = 26.4;
					};
					27AFF10A2F8F4BBA00CF847B = {
						CreatedOnToolsVersion = 26.4;
						TestTargetID = 27AFF0FD2F8F4BBA00CF847B;
					};
					27AFF1142F8F4BBB00CF847B = {
						CreatedOnToolsVersion = 26.4;
						TestTargetID = 27AFF0FD2F8F4BBA00CF847B;
					};
				};
			};
			buildConfigurationList = 27AFF0F92F8F4BBA00CF847B /* Build configuration list for PBXProject "Eidola" */;
			developmentRegion = en;
			hasScannedForEncodings = 0;
			knownRegions = (
				en,
				Base,
			);
			mainGroup = 27AFF0F52F8F4BBA00CF847B;
			minimizedProjectReferenceProxies = 1;
			packageReferences = (
				275044A52F8F5CDC00EA9C7F /* XCLocalSwiftPackageReference "../../crates/eidola-app-core" */,
				27B0A0022FC00000000AAAAA /* XCRemoteSwiftPackageReference "swift-markdown-ui" */,
			);
			preferredProjectObjectVersion = 77;
			productRefGroup = 27AFF0FF2F8F4BBA00CF847B /* Products */;
			projectDirPath = "";
			projectRoot = "";
			targets = (
				27AFF0FD2F8F4BBA00CF847B /* Eidola */,
				27AFF10A2F8F4BBA00CF847B /* EidolaTests */,
				27AFF1142F8F4BBB00CF847B /* EidolaUITests */,
			);
		};
/* End PBXProject section */

/* Begin PBXResourcesBuildPhase section */
		27AFF0FC2F8F4BBA00CF847B /* Resources */ = {
			isa = PBXResourcesBuildPhase;
			buildActionMask = 2147483647;
			files = (
			);
			runOnlyForDeploymentPostprocessing = 0;
		};
		27AFF1092F8F4BBA00CF847B /* Resources */ = {
			isa = PBXResourcesBuildPhase;
			buildActionMask = 2147483647;
			files = (
			);
			runOnlyForDeploymentPostprocessing = 0;
		};
		27AFF1132F8F4BBB00CF847B /* Resources */ = {
			isa = PBXResourcesBuildPhase;
			buildActionMask = 2147483647;
			files = (
			);
			runOnlyForDeploymentPostprocessing = 0;
		};
/* End PBXResourcesBuildPhase section */

/* Begin PBXSourcesBuildPhase section */
		27AFF0FA2F8F4BBA00CF847B /* Sources */ = {
			isa = PBXSourcesBuildPhase;
			buildActionMask = 2147483647;
			files = (
			);
			runOnlyForDeploymentPostprocessing = 0;
		};
		27AFF1072F8F4BBA00CF847B /* Sources */ = {
			isa = PBXSourcesBuildPhase;
			buildActionMask = 2147483647;
			files = (
			);
			runOnlyForDeploymentPostprocessing = 0;
		};
		27AFF1112F8F4BBB00CF847B /* Sources */ = {
			isa = PBXSourcesBuildPhase;
			buildActionMask = 2147483647;
			files = (
			);
			runOnlyForDeploymentPostprocessing = 0;
		};
/* End PBXSourcesBuildPhase section */

/* Begin PBXTargetDependency section */
		27AFF10D2F8F4BBA00CF847B /* PBXTargetDependency */ = {
			isa = PBXTargetDependency;
			target = 27AFF0FD2F8F4BBA00CF847B /* Eidola */;
			targetProxy = 27AFF10C2F8F4BBA00CF847B /* PBXContainerItemProxy */;
		};
		27AFF1172F8F4BBB00CF847B /* PBXTargetDependency */ = {
			isa = PBXTargetDependency;
			target = 27AFF0FD2F8F4BBA00CF847B /* Eidola */;
			targetProxy = 27AFF1162F8F4BBB00CF847B /* PBXContainerItemProxy */;
		};
/* End PBXTargetDependency section */

/* Begin XCBuildConfiguration section */
		27AFF11D2F8F4BBB00CF847B /* Debug */ = {
			isa = XCBuildConfiguration;
			buildSettings = {
				ALWAYS_SEARCH_USER_PATHS = NO;
				ASSETCATALOG_COMPILER_GENERATE_SWIFT_ASSET_SYMBOL_EXTENSIONS = YES;
				CLANG_ANALYZER_NONNULL = YES;
				CLANG_ANALYZER_NUMBER_OBJECT_CONVERSION = YES_AGGRESSIVE;
				CLANG_CXX_LANGUAGE_STANDARD = "gnu++20";
				CLANG_ENABLE_MODULES = YES;
				CLANG_ENABLE_OBJC_ARC = YES;
				CLANG_ENABLE_OBJC_WEAK = YES;
				CLANG_WARN_BLOCK_CAPTURE_AUTORELEASING = YES;
				CLANG_WARN_BOOL_CONVERSION = YES;
				CLANG_WARN_COMMA = YES;
				CLANG_WARN_CONSTANT_CONVERSION = YES;
				CLANG_WARN_DEPRECATED_OBJC_IMPLEMENTATIONS = YES;
				CLANG_WARN_DIRECT_OBJC_ISA_USAGE = YES_ERROR;
				CLANG_WARN_DOCUMENTATION_COMMENTS = YES;
				CLANG_WARN_EMPTY_BODY = YES;
				CLANG_WARN_ENUM_CONVERSION = YES;
				CLANG_WARN_INFINITE_RECURSION = YES;
				CLANG_WARN_INT_CONVERSION = YES;
				CLANG_WARN_NON_LITERAL_NULL_CONVERSION = YES;
				CLANG_WARN_OBJC_IMPLICIT_RETAIN_SELF = YES;
				CLANG_WARN_OBJC_LITERAL_CONVERSION = YES;
				CLANG_WARN_OBJC_ROOT_CLASS = YES_ERROR;
				CLANG_WARN_QUOTED_INCLUDE_IN_FRAMEWORK_HEADER = YES;
				CLANG_WARN_RANGE_LOOP_ANALYSIS = YES;
				CLANG_WARN_STRICT_PROTOTYPES = YES;
				CLANG_WARN_SUSPICIOUS_MOVE = YES;
				CLANG_WARN_UNGUARDED_AVAILABILITY = YES_AGGRESSIVE;
				CLANG_WARN_UNREACHABLE_CODE = YES;
				CLANG_WARN__DUPLICATE_METHOD_MATCH = YES;
				COPY_PHASE_STRIP = NO;
				DEBUG_INFORMATION_FORMAT = dwarf;
				DEVELOPMENT_TEAM = 7N2X49G865;
				ENABLE_STRICT_OBJC_MSGSEND = YES;
				ENABLE_TESTABILITY = YES;
				ENABLE_USER_SCRIPT_SANDBOXING = YES;
				GCC_C_LANGUAGE_STANDARD = gnu17;
				GCC_DYNAMIC_NO_PIC = NO;
				GCC_NO_COMMON_BLOCKS = YES;
				GCC_OPTIMIZATION_LEVEL = 0;
				GCC_PREPROCESSOR_DEFINITIONS = (
					"DEBUG=1",
					"$(inherited)",
				);
				GCC_WARN_64_TO_32_BIT_CONVERSION = YES;
				GCC_WARN_ABOUT_RETURN_TYPE = YES_ERROR;
				GCC_WARN_UNDECLARED_SELECTOR = YES;
				GCC_WARN_UNINITIALIZED_AUTOS = YES_AGGRESSIVE;
				GCC_WARN_UNUSED_FUNCTION = YES;
				GCC_WARN_UNUSED_VARIABLE = YES;
				LOCALIZATION_PREFERS_STRING_CATALOGS = YES;
				MACOSX_DEPLOYMENT_TARGET = 26.3;
				MTL_ENABLE_DEBUG_INFO = INCLUDE_SOURCE;
				MTL_FAST_MATH = YES;
				ONLY_ACTIVE_ARCH = YES;
				SDKROOT = macosx;
				SWIFT_ACTIVE_COMPILATION_CONDITIONS = "DEBUG $(inherited)";
				SWIFT_OPTIMIZATION_LEVEL = "-Onone";
			};
			name = Debug;
		};
		27AFF11E2F8F4BBB00CF847B /* Release */ = {
			isa = XCBuildConfiguration;
			buildSettings = {
				ALWAYS_SEARCH_USER_PATHS = NO;
				ASSETCATALOG_COMPILER_GENERATE_SWIFT_ASSET_SYMBOL_EXTENSIONS = YES;
				CLANG_ANALYZER_NONNULL = YES;
				CLANG_ANALYZER_NUMBER_OBJECT_CONVERSION = YES_AGGRESSIVE;
				CLANG_CXX_LANGUAGE_STANDARD = "gnu++20";
				CLANG_ENABLE_MODULES = YES;
				CLANG_ENABLE_OBJC_ARC = YES;
				CLANG_ENABLE_OBJC_WEAK = YES;
				CLANG_WARN_BLOCK_CAPTURE_AUTORELEASING = YES;
				CLANG_WARN_BOOL_CONVERSION = YES;
				CLANG_WARN_COMMA = YES;
				CLANG_WARN_CONSTANT_CONVERSION = YES;
				CLANG_WARN_DEPRECATED_OBJC_IMPLEMENTATIONS = YES;
				CLANG_WARN_DIRECT_OBJC_ISA_USAGE = YES_ERROR;
				CLANG_WARN_DOCUMENTATION_COMMENTS = YES;
				CLANG_WARN_EMPTY_BODY = YES;
				CLANG_WARN_ENUM_CONVERSION = YES;
				CLANG_WARN_INFINITE_RECURSION = YES;
				CLANG_WARN_INT_CONVERSION = YES;
				CLANG_WARN_NON_LITERAL_NULL_CONVERSION = YES;
				CLANG_WARN_OBJC_IMPLICIT_RETAIN_SELF = YES;
				CLANG_WARN_OBJC_LITERAL_CONVERSION = YES;
				CLANG_WARN_OBJC_ROOT_CLASS = YES_ERROR;
				CLANG_WARN_QUOTED_INCLUDE_IN_FRAMEWORK_HEADER = YES;
				CLANG_WARN_RANGE_LOOP_ANALYSIS = YES;
				CLANG_WARN_STRICT_PROTOTYPES = YES;
				CLANG_WARN_SUSPICIOUS_MOVE = YES;
				CLANG_WARN_UNGUARDED_AVAILABILITY = YES_AGGRESSIVE;
				CLANG_WARN_UNREACHABLE_CODE = YES;
				CLANG_WARN__DUPLICATE_METHOD_MATCH = YES;
				COPY_PHASE_STRIP = NO;
				DEBUG_INFORMATION_FORMAT = "dwarf-with-dsym";
				DEVELOPMENT_TEAM = 7N2X49G865;
				ENABLE_NS_ASSERTIONS = NO;
				ENABLE_STRICT_OBJC_MSGSEND = YES;
				ENABLE_USER_SCRIPT_SANDBOXING = YES;
				GCC_C_LANGUAGE_STANDARD = gnu17;
				GCC_NO_COMMON_BLOCKS = YES;
				GCC_WARN_64_TO_32_BIT_CONVERSION = YES;
				GCC_WARN_ABOUT_RETURN_TYPE = YES_ERROR;
				GCC_WARN_UNDECLARED_SELECTOR = YES;
				GCC_WARN_UNINITIALIZED_AUTOS = YES_AGGRESSIVE;
				GCC_WARN_UNUSED_FUNCTION = YES;
				GCC_WARN_UNUSED_VARIABLE = YES;
				LOCALIZATION_PREFERS_STRING_CATALOGS = YES;
				MACOSX_DEPLOYMENT_TARGET = 26.3;
				MTL_ENABLE_DEBUG_INFO = NO;
				MTL_FAST_MATH = YES;
				SDKROOT = macosx;
				SWIFT_COMPILATION_MODE = wholemodule;
			};
			name = Release;
		};
		27AFF1202F8F4BBB00CF847B /* Debug */ = {
			isa = XCBuildConfiguration;
			buildSettings = {
				ASSETCATALOG_COMPILER_APPICON_NAME = AppIcon;
				ASSETCATALOG_COMPILER_GLOBAL_ACCENT_COLOR_NAME = AccentColor;
				CODE_SIGN_STYLE = Automatic;
				COMBINE_HIDPI_IMAGES = YES;
				CURRENT_PROJECT_VERSION = 1;
				DEVELOPMENT_TEAM = 7N2X49G865;
				ENABLE_APP_SANDBOX = NO;
				ENABLE_HARDENED_RUNTIME = YES;
				ENABLE_PREVIEWS = YES;
				ENABLE_USER_SELECTED_FILES = readonly;
				GENERATE_INFOPLIST_FILE = YES;
				INFOPLIST_KEY_NSHumanReadableCopyright = "";
				LD_RUNPATH_SEARCH_PATHS = (
					"$(inherited)",
					"@executable_path/../Frameworks",
				);
				MARKETING_VERSION = 1.0;
				PRODUCT_BUNDLE_IDENTIFIER = ai.eidola.eidola;
				PRODUCT_NAME = "$(TARGET_NAME)";
				REGISTER_APP_GROUPS = YES;
				STRING_CATALOG_GENERATE_SYMBOLS = YES;
				SWIFT_APPROACHABLE_CONCURRENCY = YES;
				SWIFT_DEFAULT_ACTOR_ISOLATION = MainActor;
				SWIFT_EMIT_LOC_STRINGS = YES;
				SWIFT_UPCOMING_FEATURE_MEMBER_IMPORT_VISIBILITY = YES;
				SWIFT_VERSION = 5.0;
			};
			name = Debug;
		};
		27AFF1212F8F4BBB00CF847B /* Release */ = {
			isa = XCBuildConfiguration;
			buildSettings = {
				ASSETCATALOG_COMPILER_APPICON_NAME = AppIcon;
				ASSETCATALOG_COMPILER_GLOBAL_ACCENT_COLOR_NAME = AccentColor;
				CODE_SIGN_STYLE = Automatic;
				COMBINE_HIDPI_IMAGES = YES;
				CURRENT_PROJECT_VERSION = 1;
				DEVELOPMENT_TEAM = 7N2X49G865;
				ENABLE_APP_SANDBOX = NO;
				ENABLE_HARDENED_RUNTIME = YES;
				ENABLE_PREVIEWS = YES;
				ENABLE_USER_SELECTED_FILES = readonly;
				GENERATE_INFOPLIST_FILE = YES;
				INFOPLIST_KEY_NSHumanReadableCopyright = "";
				LD_RUNPATH_SEARCH_PATHS = (
					"$(inherited)",
					"@executable_path/../Frameworks",
				);
				MARKETING_VERSION = 1.0;
				PRODUCT_BUNDLE_IDENTIFIER = ai.eidola.eidola;
				PRODUCT_NAME = "$(TARGET_NAME)";
				REGISTER_APP_GROUPS = YES;
				STRING_CATALOG_GENERATE_SYMBOLS = YES;
				SWIFT_APPROACHABLE_CONCURRENCY = YES;
				SWIFT_DEFAULT_ACTOR_ISOLATION = MainActor;
				SWIFT_EMIT_LOC_STRINGS = YES;
				SWIFT_UPCOMING_FEATURE_MEMBER_IMPORT_VISIBILITY = YES;
				SWIFT_VERSION = 5.0;
			};
			name = Release;
		};
		27AFF1232F8F4BBB00CF847B /* Debug */ = {
			isa = XCBuildConfiguration;
			buildSettings = {
				BUNDLE_LOADER = "$(TEST_HOST)";
				CODE_SIGN_STYLE = Automatic;
				CURRENT_PROJECT_VERSION = 1;
				DEVELOPMENT_TEAM = 7N2X49G865;
				GENERATE_INFOPLIST_FILE = YES;
				MACOSX_DEPLOYMENT_TARGET = 26.3;
				MARKETING_VERSION = 1.0;
				PRODUCT_BUNDLE_IDENTIFIER = ai.eidola.EidolaTests;
				PRODUCT_NAME = "$(TARGET_NAME)";
				STRING_CATALOG_GENERATE_SYMBOLS = NO;
				SWIFT_APPROACHABLE_CONCURRENCY = YES;
				SWIFT_EMIT_LOC_STRINGS = NO;
				SWIFT_UPCOMING_FEATURE_MEMBER_IMPORT_VISIBILITY = YES;
				SWIFT_VERSION = 5.0;
				TEST_HOST = "$(BUILT_PRODUCTS_DIR)/Eidola.app/$(BUNDLE_EXECUTABLE_FOLDER_PATH)/Eidola";
			};
			name = Debug;
		};
		27AFF1242F8F4BBB00CF847B /* Release */ = {
			isa = XCBuildConfiguration;
			buildSettings = {
				BUNDLE_LOADER = "$(TEST_HOST)";
				CODE_SIGN_STYLE = Automatic;
				CURRENT_PROJECT_VERSION = 1;
				DEVELOPMENT_TEAM = 7N2X49G865;
				GENERATE_INFOPLIST_FILE = YES;
				MACOSX_DEPLOYMENT_TARGET = 26.3;
				MARKETING_VERSION = 1.0;
				PRODUCT_BUNDLE_IDENTIFIER = ai.eidola.EidolaTests;
				PRODUCT_NAME = "$(TARGET_NAME)";
				STRING_CATALOG_GENERATE_SYMBOLS = NO;
				SWIFT_APPROACHABLE_CONCURRENCY = YES;
				SWIFT_EMIT_LOC_STRINGS = NO;
				SWIFT_UPCOMING_FEATURE_MEMBER_IMPORT_VISIBILITY = YES;
				SWIFT_VERSION = 5.0;
				TEST_HOST = "$(BUILT_PRODUCTS_DIR)/Eidola.app/$(BUNDLE_EXECUTABLE_FOLDER_PATH)/Eidola";
			};
			name = Release;
		};
		27AFF1262F8F4BBB00CF847B /* Debug */ = {
			isa = XCBuildConfiguration;
			buildSettings = {
				CODE_SIGN_STYLE = Automatic;
				CURRENT_PROJECT_VERSION = 1;
				DEVELOPMENT_TEAM = 7N2X49G865;
				GENERATE_INFOPLIST_FILE = YES;
				MARKETING_VERSION = 1.0;
				PRODUCT_BUNDLE_IDENTIFIER = ai.eidola.EidolaUITests;
				PRODUCT_NAME = "$(TARGET_NAME)";
				STRING_CATALOG_GENERATE_SYMBOLS = NO;
				SWIFT_APPROACHABLE_CONCURRENCY = YES;
				SWIFT_EMIT_LOC_STRINGS = NO;
				SWIFT_UPCOMING_FEATURE_MEMBER_IMPORT_VISIBILITY = YES;
				SWIFT_VERSION = 5.0;
				TEST_TARGET_NAME = Eidola;
			};
			name = Debug;
		};
		27AFF1272F8F4BBB00CF847B /* Release */ = {
			isa = XCBuildConfiguration;
			buildSettings = {
				CODE_SIGN_STYLE = Automatic;
				CURRENT_PROJECT_VERSION = 1;
				DEVELOPMENT_TEAM = 7N2X49G865;
				GENERATE_INFOPLIST_FILE = YES;
				MARKETING_VERSION = 1.0;
				PRODUCT_BUNDLE_IDENTIFIER = ai.eidola.EidolaUITests;
				PRODUCT_NAME = "$(TARGET_NAME)";
				STRING_CATALOG_GENERATE_SYMBOLS = NO;
				SWIFT_APPROACHABLE_CONCURRENCY = YES;
				SWIFT_EMIT_LOC_STRINGS = NO;
				SWIFT_UPCOMING_FEATURE_MEMBER_IMPORT_VISIBILITY = YES;
				SWIFT_VERSION = 5.0;
				TEST_TARGET_NAME = Eidola;
			};
			name = Release;
		};
/* End XCBuildConfiguration section */

/* Begin XCConfigurationList section */
		27AFF0F92F8F4BBA00CF847B /* Build configuration list for PBXProject "Eidola" */ = {
			isa = XCConfigurationList;
			buildConfigurations = (
				27AFF11D2F8F4BBB00CF847B /* Debug */,
				27AFF11E2F8F4BBB00CF847B /* Release */,
			);
			defaultConfigurationIsVisible = 0;
			defaultConfigurationName = Release;
		};
		27AFF11F2F8F4BBB00CF847B /* Build configuration list for PBXNativeTarget "Eidola" */ = {
			isa = XCConfigurationList;
			buildConfigurations = (
				27AFF1202F8F4BBB00CF847B /* Debug */,
				27AFF1212F8F4BBB00CF847B /* Release */,
			);
			defaultConfigurationIsVisible = 0;
			defaultConfigurationName = Release;
		};
		27AFF1222F8F4BBB00CF847B /* Build configuration list for PBXNativeTarget "EidolaTests" */ = {
			isa = XCConfigurationList;
			buildConfigurations = (
				27AFF1232F8F4BBB00CF847B /* Debug */,
				27AFF1242F8F4BBB00CF847B /* Release */,
			);
			defaultConfigurationIsVisible = 0;
			defaultConfigurationName = Release;
		};
		27AFF1252F8F4BBB00CF847B /* Build configuration list for PBXNativeTarget "EidolaUITests" */ = {
			isa = XCConfigurationList;
			buildConfigurations = (
				27AFF1262F8F4BBB00CF847B /* Debug */,
				27AFF1272F8F4BBB00CF847B /* Release */,
			);
			defaultConfigurationIsVisible = 0;
			defaultConfigurationName = Release;
		};
/* End XCConfigurationList section */

/* Begin XCLocalSwiftPackageReference section */
		275044A52F8F5CDC00EA9C7F /* XCLocalSwiftPackageReference "../../crates/eidola-app-core" */ = {
			isa = XCLocalSwiftPackageReference;
			relativePath = "../../crates/eidola-app-core";
		};
/* End XCLocalSwiftPackageReference section */

/* Begin XCRemoteSwiftPackageReference section */
		27B0A0022FC00000000AAAAA /* XCRemoteSwiftPackageReference "swift-markdown-ui" */ = {
			isa = XCRemoteSwiftPackageReference;
			repositoryURL = "https://github.com/gonzalezreal/swift-markdown-ui";
			requirement = {
				kind = upToNextMajorVersion;
				minimumVersion = 2.0.2;
			};
		};
/* End XCRemoteSwiftPackageReference section */

/* Begin XCSwiftPackageProductDependency section */
		275044A62F8F5CDC00EA9C7F /* EidolaAppCore */ = {
			isa = XCSwiftPackageProductDependency;
			productName = EidolaAppCore;
		};
		27B0A0002FC00000000AAAAA /* MarkdownUI */ = {
			isa = XCSwiftPackageProductDependency;
			package = 27B0A0022FC00000000AAAAA /* XCRemoteSwiftPackageReference "swift-markdown-ui" */;
			productName = MarkdownUI;
		};
/* End XCSwiftPackageProductDependency section */
	};
	rootObject = 27AFF0F62F8F4BBA00CF847B /* Project object */;
}
