{
  "originHash" : "9922d2e554d3d6300c556f9e7ec48b924e1c22c3e91d21f9ac5d0a2c7ca14891",
  "pins" : [
    {
      "identity" : "swift-syntax",
      "kind" : "remoteSourceControl",
      "location" : "https://github.com/swiftlang/swift-syntax.git",
      "state" : {
        "revision" : "4799286537280063c85a32f09884cfbca301b1a1",
        "version" : "602.0.0"
      }
    },
    {
      "identity" : "swift-testing",
      "kind" : "remoteSourceControl",
      "location" : "https://github.com/swiftlang/swift-testing.git",
      "state" : {
        "revision" : "48a471ab313e858258ab0b9b0bf2cea55a50cefb",
        "version" : "6.2.3"
      }
    }
  ],
  "version" : 3
}
