// !$*UTF8*$!
{
	archiveVersion = 1;
	classes = {
	};
	objectVersion = 77;
	objects = {

/* Begin PBXBuildFile section */
		27D54D642F1AF6C700B53566 /* main.swift in Sources */ = {isa = PBXBuildFile; fileRef = 27D54D622F1AF6C700B53566 /* main.swift */; };
		27E92C022F1AFDBD00071830 /* EidolonsApp in Frameworks */ = {isa = PBXBuildFile; productRef = 27E92C012F1AFDBD00071830 /* EidolonsApp */; };
/* End PBXBuildFile section */

/* Begin PBXContainerItemProxy section */
		274BFA562F1AEAD4008AFBDF /* PBXContainerItemProxy */ = {
			isa = PBXContainerItemProxy;
			containerPortal = 274BFA402F1AEAD4008AFBDF /* Project object */;
			proxyType = 1;
			remoteGlobalIDString = 274BFA472F1AEAD4008AFBDF;
			remoteInfo = Eidolons;
		};
		274BFA602F1AEAD4008AFBDF /* PBXContainerItemProxy */ = {
			isa = PBXContainerItemProxy;
			containerPortal = 274BFA402F1AEAD4008AFBDF /* Project object */;
			proxyType = 1;
			remoteGlobalIDString = 274BFA472F1AEAD4008AFBDF;
			remoteInfo = Eidolons;
		};
/* End PBXContainerItemProxy section */

/* Begin PBXFileReference section */
		274BFA482F1AEAD4008AFBDF /* Eidolons.app */ = {isa = PBXFileReference; explicitFileType = wrapper.application; includeInIndex = 0; path = Eidolons.app; sourceTree = BUILT_PRODUCTS_DIR; };
		274BFA552F1AEAD4008AFBDF /* EidolonsTests.xctest */ = {isa = PBXFileReference; explicitFileType = wrapper.cfbundle; includeInIndex = 0; path = EidolonsTests.xctest; sourceTree = BUILT_PRODUCTS_DIR; };
		274BFA5F2F1AEAD4008AFBDF /* EidolonsUITests.xctest */ = {isa = PBXFileReference; explicitFileType = wrapper.cfbundle; includeInIndex = 0; path = EidolonsUITests.xctest; sourceTree = BUILT_PRODUCTS_DIR; };
		27D54D622F1AF6C700B53566 /* main.swift */ = {isa = PBXFileReference; lastKnownFileType = sourcecode.swift; path = main.swift; sourceTree = "<group>"; };
/* End PBXFileReference section */

/* Begin PBXFileSystemSynchronizedRootGroup section */
		274BFA622F1AEAD4008AFBDF /* EidolonsUITests */ = {
			isa = PBXFileSystemSynchronizedRootGroup;
			path = EidolonsUITests;
			sourceTree = "<group>";
		};
/* End PBXFileSystemSynchronizedRootGroup section */

/* Begin PBXFrameworksBuildPhase section */
		274BFA452F1AEAD4008AFBDF /* Frameworks */ = {
			isa = PBXFrameworksBuildPhase;
			buildActionMask = 2147483647;
			files = (
				27E92C022F1AFDBD00071830 /* EidolonsApp in Frameworks */,
			);
			runOnlyForDeploymentPostprocessing = 0;
		};
		274BFA522F1AEAD4008AFBDF /* Frameworks */ = {
			isa = PBXFrameworksBuildPhase;
			buildActionMask = 2147483647;
			files = (
			);
			runOnlyForDeploymentPostprocessing = 0;
		};
		274BFA5C2F1AEAD4008AFBDF /* Frameworks */ = {
			isa = PBXFrameworksBuildPhase;
			buildActionMask = 2147483647;
			files = (
			);
			runOnlyForDeploymentPostprocessing = 0;
		};
/* End PBXFrameworksBuildPhase section */

/* Begin PBXGroup section */
		274BFA3F2F1AEAD4008AFBDF = {
			isa = PBXGroup;
			children = (
				27D54D632F1AF6C700B53566 /* EidolonsEntrypoint */,
				274BFA622F1AEAD4008AFBDF /* EidolonsUITests */,
				27E92C002F1AFDBD00071830 /* Frameworks */,
				274BFA492F1AEAD4008AFBDF /* Products */,
			);
			sourceTree = "<group>";
		};
		274BFA492F1AEAD4008AFBDF /* Products */ = {
			isa = PBXGroup;
			children = (
				274BFA482F1AEAD4008AFBDF /* Eidolons.app */,
				274BFA552F1AEAD4008AFBDF /* EidolonsTests.xctest */,
				274BFA5F2F1AEAD4008AFBDF /* EidolonsUITests.xctest */,
			);
			name = Products;
			sourceTree = "<group>";
		};
		27D54D632F1AF6C700B53566 /* EidolonsEntrypoint */ = {
			isa = PBXGroup;
			children = (
				27D54D622F1AF6C700B53566 /* main.swift */,
			);
			name = EidolonsEntrypoint;
			path = ../Sources/EidolonsEntrypoint;
			sourceTree = SOURCE_ROOT;
		};
		27E92C002F1AFDBD00071830 /* Frameworks */ = {
			isa = PBXGroup;
			children = (
			);
			name = Frameworks;
			sourceTree = "<group>";
		};
/* End PBXGroup section */

/* Begin PBXNativeTarget section */
		274BFA472F1AEAD4008AFBDF /* Eidolons */ = {
			isa = PBXNativeTarget;
			buildConfigurationList = 274BFA692F1AEAD4008AFBDF /* Build configuration list for PBXNativeTarget "Eidolons" */;
			buildPhases = (
				274BFA442F1AEAD4008AFBDF /* Sources */,
				274BFA452F1AEAD4008AFBDF /* Frameworks */,
				274BFA462F1AEAD4008AFBDF /* Resources */,
			);
			buildRules = (
			);
			dependencies = (
			);
			name = Eidolons;
			packageProductDependencies = (
				27E92C012F1AFDBD00071830 /* EidolonsApp */,
			);
			productName = Eidolons;
			productReference = 274BFA482F1AEAD4008AFBDF /* Eidolons.app */;
			productType = "com.apple.product-type.application";
		};
		274BFA542F1AEAD4008AFBDF /* EidolonsTests */ = {
			isa = PBXNativeTarget;
			buildConfigurationList = 274BFA6C2F1AEAD4008AFBDF /* Build configuration list for PBXNativeTarget "EidolonsTests" */;
			buildPhases = (
				274BFA512F1AEAD4008AFBDF /* Sources */,
				274BFA522F1AEAD4008AFBDF /* Frameworks */,
				274BFA532F1AEAD4008AFBDF /* Resources */,
			);
			buildRules = (
			);
			dependencies = (
				274BFA572F1AEAD4008AFBDF /* PBXTargetDependency */,
			);
			name = EidolonsTests;
			packageProductDependencies = (
			);
			productName = EidolonsTests;
			productReference = 274BFA552F1AEAD4008AFBDF /* EidolonsTests.xctest */;
			productType = "com.apple.product-type.bundle.unit-test";
		};
		274BFA5E2F1AEAD4008AFBDF /* EidolonsUITests */ = {
			isa = PBXNativeTarget;
			buildConfigurationList = 274BFA6F2F1AEAD4008AFBDF /* Build configuration list for PBXNativeTarget "EidolonsUITests" */;
			buildPhases = (
				274BFA5B2F1AEAD4008AFBDF /* Sources */,
				274BFA5C2F1AEAD4008AFBDF /* Frameworks */,
				274BFA5D2F1AEAD4008AFBDF /* Resources */,
			);
			buildRules = (
			);
			dependencies = (
				274BFA612F1AEAD4008AFBDF /* PBXTargetDependency */,
			);
			fileSystemSynchronizedGroups = (
				274BFA622F1AEAD4008AFBDF /* EidolonsUITests */,
			);
			name = EidolonsUITests;
			packageProductDependencies = (
			);
			productName = EidolonsUITests;
			productReference = 274BFA5F2F1AEAD4008AFBDF /* EidolonsUITests.xctest */;
			productType = "com.apple.product-type.bundle.ui-testing";
		};
/* End PBXNativeTarget section */

/* Begin PBXProject section */
		274BFA402F1AEAD4008AFBDF /* Project object */ = {
			isa = PBXProject;
			attributes = {
				BuildIndependentTargetsInParallel = 1;
				LastSwiftUpdateCheck = 2620;
				LastUpgradeCheck = 2620;
				TargetAttributes = {
					274BFA472F1AEAD4008AFBDF = {
						CreatedOnToolsVersion = 26.2;
					};
					274BFA542F1AEAD4008AFBDF = {
						CreatedOnToolsVersion = 26.2;
						TestTargetID = 274BFA472F1AEAD4008AFBDF;
					};
					274BFA5E2F1AEAD4008AFBDF = {
						CreatedOnToolsVersion = 26.2;
						TestTargetID = 274BFA472F1AEAD4008AFBDF;
					};
				};
			};
			buildConfigurationList = 274BFA432F1AEAD4008AFBDF /* Build configuration list for PBXProject "Eidolons" */;
			developmentRegion = en;
			hasScannedForEncodings = 0;
			knownRegions = (
				en,
				Base,
			);
			mainGroup = 274BFA3F2F1AEAD4008AFBDF;
			minimizedProjectReferenceProxies = 1;
			packageReferences = (
				27D54D652F1AF6EF00B53566 /* XCLocalSwiftPackageReference "../../macos" */,
			);
			preferredProjectObjectVersion = 77;
			productRefGroup = 274BFA492F1AEAD4008AFBDF /* Products */;
			projectDirPath = "";
			projectRoot = "";
			targets = (
				274BFA472F1AEAD4008AFBDF /* Eidolons */,
				274BFA542F1AEAD4008AFBDF /* EidolonsTests */,
				274BFA5E2F1AEAD4008AFBDF /* EidolonsUITests */,
			);
		};
/* End PBXProject section */

/* Begin PBXResourcesBuildPhase section */
		274BFA462F1AEAD4008AFBDF /* Resources */ = {
			isa = PBXResourcesBuildPhase;
			buildActionMask = 2147483647;
			files = (
			);
			runOnlyForDeploymentPostprocessing = 0;
		};
		274BFA532F1AEAD4008AFBDF /* Resources */ = {
			isa = PBXResourcesBuildPhase;
			buildActionMask = 2147483647;
			files = (
			);
			runOnlyForDeploymentPostprocessing = 0;
		};
		274BFA5D2F1AEAD4008AFBDF /* Resources */ = {
			isa = PBXResourcesBuildPhase;
			buildActionMask = 2147483647;
			files = (
			);
			runOnlyForDeploymentPostprocessing = 0;
		};
/* End PBXResourcesBuildPhase section */

/* Begin PBXSourcesBuildPhase section */
		274BFA442F1AEAD4008AFBDF /* Sources */ = {
			isa = PBXSourcesBuildPhase;
			buildActionMask = 2147483647;
			files = (
				27D54D642F1AF6C700B53566 /* main.swift in Sources */,
			);
			runOnlyForDeploymentPostprocessing = 0;
		};
		274BFA512F1AEAD4008AFBDF /* Sources */ = {
			isa = PBXSourcesBuildPhase;
			buildActionMask = 2147483647;
			files = (
			);
			runOnlyForDeploymentPostprocessing = 0;
		};
		274BFA5B2F1AEAD4008AFBDF /* Sources */ = {
			isa = PBXSourcesBuildPhase;
			buildActionMask = 2147483647;
			files = (
			);
			runOnlyForDeploymentPostprocessing = 0;
		};
/* End PBXSourcesBuildPhase section */

/* Begin PBXTargetDependency section */
		274BFA572F1AEAD4008AFBDF /* PBXTargetDependency */ = {
			isa = PBXTargetDependency;
			target = 274BFA472F1AEAD4008AFBDF /* Eidolons */;
			targetProxy = 274BFA562F1AEAD4008AFBDF /* PBXContainerItemProxy */;
		};
		274BFA612F1AEAD4008AFBDF /* PBXTargetDependency */ = {
			isa = PBXTargetDependency;
			target = 274BFA472F1AEAD4008AFBDF /* Eidolons */;
			targetProxy = 274BFA602F1AEAD4008AFBDF /* PBXContainerItemProxy */;
		};
/* End PBXTargetDependency section */

/* Begin XCBuildConfiguration section */
		274BFA672F1AEAD4008AFBDF /* Debug */ = {
			isa = XCBuildConfiguration;
			buildSettings = {
				ALWAYS_SEARCH_USER_PATHS = NO;
				ASSETCATALOG_COMPILER_GENERATE_SWIFT_ASSET_SYMBOL_EXTENSIONS = YES;
				CLANG_ANALYZER_NONNULL = YES;
				CLANG_ANALYZER_NUMBER_OBJECT_CONVERSION = YES_AGGRESSIVE;
				CLANG_CXX_LANGUAGE_STANDARD = "gnu++20";
				CLANG_ENABLE_MODULES = YES;
				CLANG_ENABLE_OBJC_ARC = YES;
				CLANG_ENABLE_OBJC_WEAK = YES;
				CLANG_WARN_BLOCK_CAPTURE_AUTORELEASING = YES;
				CLANG_WARN_BOOL_CONVERSION = YES;
				CLANG_WARN_COMMA = YES;
				CLANG_WARN_CONSTANT_CONVERSION = YES;
				CLANG_WARN_DEPRECATED_OBJC_IMPLEMENTATIONS = YES;
				CLANG_WARN_DIRECT_OBJC_ISA_USAGE = YES_ERROR;
				CLANG_WARN_DOCUMENTATION_COMMENTS = YES;
				CLANG_WARN_EMPTY_BODY = YES;
				CLANG_WARN_ENUM_CONVERSION = YES;
				CLANG_WARN_INFINITE_RECURSION = YES;
				CLANG_WARN_INT_CONVERSION = YES;
				CLANG_WARN_NON_LITERAL_NULL_CONVERSION = YES;
				CLANG_WARN_OBJC_IMPLICIT_RETAIN_SELF = YES;
				CLANG_WARN_OBJC_LITERAL_CONVERSION = YES;
				CLANG_WARN_OBJC_ROOT_CLASS = YES_ERROR;
				CLANG_WARN_QUOTED_INCLUDE_IN_FRAMEWORK_HEADER = YES;
				CLANG_WARN_RANGE_LOOP_ANALYSIS = YES;
				CLANG_WARN_STRICT_PROTOTYPES = YES;
				CLANG_WARN_SUSPICIOUS_MOVE = YES;
				CLANG_WARN_UNGUARDED_AVAILABILITY = YES_AGGRESSIVE;
				CLANG_WARN_UNREACHABLE_CODE = YES;
				CLANG_WARN__DUPLICATE_METHOD_MATCH = YES;
				COPY_PHASE_STRIP = NO;
				DEBUG_INFORMATION_FORMAT = dwarf;
				DEVELOPMENT_TEAM = 7N2X49G865;
				ENABLE_STRICT_OBJC_MSGSEND = YES;
				ENABLE_TESTABILITY = YES;
				ENABLE_USER_SCRIPT_SANDBOXING = YES;
				GCC_C_LANGUAGE_STANDARD = gnu17;
				GCC_DYNAMIC_NO_PIC = NO;
				GCC_NO_COMMON_BLOCKS = YES;
				GCC_OPTIMIZATION_LEVEL = 0;
				GCC_PREPROCESSOR_DEFINITIONS = (
					"DEBUG=1",
					"$(inherited)",
				);
				GCC_WARN_64_TO_32_BIT_CONVERSION = YES;
				GCC_WARN_ABOUT_RETURN_TYPE = YES_ERROR;
				GCC_WARN_UNDECLARED_SELECTOR = YES;
				GCC_WARN_UNINITIALIZED_AUTOS = YES_AGGRESSIVE;
				GCC_WARN_UNUSED_FUNCTION = YES;
				GCC_WARN_UNUSED_VARIABLE = YES;
				LOCALIZATION_PREFERS_STRING_CATALOGS = YES;
				MACOSX_DEPLOYMENT_TARGET = 26.2;
				MTL_ENABLE_DEBUG_INFO = INCLUDE_SOURCE;
				MTL_FAST_MATH = YES;
				ONLY_ACTIVE_ARCH = YES;
				SDKROOT = macosx;
				SWIFT_ACTIVE_COMPILATION_CONDITIONS = "DEBUG $(inherited)";
				SWIFT_OPTIMIZATION_LEVEL = "-Onone";
			};
			name = Debug;
		};
		274BFA682F1AEAD4008AFBDF /* Release */ = {
			isa = XCBuildConfiguration;
			buildSettings = {
				ALWAYS_SEARCH_USER_PATHS = NO;
				ASSETCATALOG_COMPILER_GENERATE_SWIFT_ASSET_SYMBOL_EXTENSIONS = YES;
				CLANG_ANALYZER_NONNULL = YES;
				CLANG_ANALYZER_NUMBER_OBJECT_CONVERSION = YES_AGGRESSIVE;
				CLANG_CXX_LANGUAGE_STANDARD = "gnu++20";
				CLANG_ENABLE_MODULES = YES;
				CLANG_ENABLE_OBJC_ARC = YES;
				CLANG_ENABLE_OBJC_WEAK = YES;
				CLANG_WARN_BLOCK_CAPTURE_AUTORELEASING = YES;
				CLANG_WARN_BOOL_CONVERSION = YES;
				CLANG_WARN_COMMA = YES;
				CLANG_WARN_CONSTANT_CONVERSION = YES;
				CLANG_WARN_DEPRECATED_OBJC_IMPLEMENTATIONS = YES;
				CLANG_WARN_DIRECT_OBJC_ISA_USAGE = YES_ERROR;
				CLANG_WARN_DOCUMENTATION_COMMENTS = YES;
				CLANG_WARN_EMPTY_BODY = YES;
				CLANG_WARN_ENUM_CONVERSION = YES;
				CLANG_WARN_INFINITE_RECURSION = YES;
				CLANG_WARN_INT_CONVERSION = YES;
				CLANG_WARN_NON_LITERAL_NULL_CONVERSION = YES;
				CLANG_WARN_OBJC_IMPLICIT_RETAIN_SELF = YES;
				CLANG_WARN_OBJC_LITERAL_CONVERSION = YES;
				CLANG_WARN_OBJC_ROOT_CLASS = YES_ERROR;
				CLANG_WARN_QUOTED_INCLUDE_IN_FRAMEWORK_HEADER = YES;
				CLANG_WARN_RANGE_LOOP_ANALYSIS = YES;
				CLANG_WARN_STRICT_PROTOTYPES = YES;
				CLANG_WARN_SUSPICIOUS_MOVE = YES;
				CLANG_WARN_UNGUARDED_AVAILABILITY = YES_AGGRESSIVE;
				CLANG_WARN_UNREACHABLE_CODE = YES;
				CLANG_WARN__DUPLICATE_METHOD_MATCH = YES;
				COPY_PHASE_STRIP = NO;
				DEBUG_INFORMATION_FORMAT = "dwarf-with-dsym";
				DEVELOPMENT_TEAM = 7N2X49G865;
				ENABLE_NS_ASSERTIONS = NO;
				ENABLE_STRICT_OBJC_MSGSEND = YES;
				ENABLE_USER_SCRIPT_SANDBOXING = YES;
				GCC_C_LANGUAGE_STANDARD = gnu17;
				GCC_NO_COMMON_BLOCKS = YES;
				GCC_WARN_64_TO_32_BIT_CONVERSION = YES;
				GCC_WARN_ABOUT_RETURN_TYPE = YES_ERROR;
				GCC_WARN_UNDECLARED_SELECTOR = YES;
				GCC_WARN_UNINITIALIZED_AUTOS = YES_AGGRESSIVE;
				GCC_WARN_UNUSED_FUNCTION = YES;
				GCC_WARN_UNUSED_VARIABLE = YES;
				LOCALIZATION_PREFERS_STRING_CATALOGS = YES;
				MACOSX_DEPLOYMENT_TARGET = 26.2;
				MTL_ENABLE_DEBUG_INFO = NO;
				MTL_FAST_MATH = YES;
				SDKROOT = macosx;
				SWIFT_COMPILATION_MODE = wholemodule;
			};
			name = Release;
		};
		274BFA6A2F1AEAD4008AFBDF /* Debug */ = {
			isa = XCBuildConfiguration;
			buildSettings = {
				ASSETCATALOG_COMPILER_APPICON_NAME = AppIcon;
				ASSETCATALOG_COMPILER_GLOBAL_ACCENT_COLOR_NAME = AccentColor;
				CODE_SIGN_STYLE = Automatic;
				COMBINE_HIDPI_IMAGES = YES;
				CURRENT_PROJECT_VERSION = 1;
				DEVELOPMENT_TEAM = 7N2X49G865;
				ENABLE_APP_SANDBOX = YES;
				ENABLE_HARDENED_RUNTIME = YES;
				ENABLE_PREVIEWS = YES;
				ENABLE_USER_SELECTED_FILES = readonly;
				GENERATE_INFOPLIST_FILE = NO;
				INFOPLIST_FILE = ../Support/Info.plist;
				LD_RUNPATH_SEARCH_PATHS = (
					"$(inherited)",
					"@executable_path/../Frameworks",
				);
				MARKETING_VERSION = 1.0;
				PRODUCT_BUNDLE_IDENTIFIER = tech.m6i.eidolons;
				PRODUCT_NAME = "$(TARGET_NAME)";
				REGISTER_APP_GROUPS = YES;
				STRING_CATALOG_GENERATE_SYMBOLS = YES;
				SWIFT_APPROACHABLE_CONCURRENCY = YES;
				SWIFT_DEFAULT_ACTOR_ISOLATION = MainActor;
				SWIFT_EMIT_LOC_STRINGS = YES;
				SWIFT_UPCOMING_FEATURE_MEMBER_IMPORT_VISIBILITY = YES;
				SWIFT_VERSION = 5.0;
			};
			name = Debug;
		};
		274BFA6B2F1AEAD4008AFBDF /* Release */ = {
			isa = XCBuildConfiguration;
			buildSettings = {
				ASSETCATALOG_COMPILER_APPICON_NAME = AppIcon;
				ASSETCATALOG_COMPILER_GLOBAL_ACCENT_COLOR_NAME = AccentColor;
				CODE_SIGN_STYLE = Automatic;
				COMBINE_HIDPI_IMAGES = YES;
				CURRENT_PROJECT_VERSION = 1;
				DEVELOPMENT_TEAM = 7N2X49G865;
				ENABLE_APP_SANDBOX = YES;
				ENABLE_HARDENED_RUNTIME = YES;
				ENABLE_PREVIEWS = YES;
				ENABLE_USER_SELECTED_FILES = readonly;
				GENERATE_INFOPLIST_FILE = NO;
				INFOPLIST_FILE = ../Support/Info.plist;
				LD_RUNPATH_SEARCH_PATHS = (
					"$(inherited)",
					"@executable_path/../Frameworks",
				);
				MARKETING_VERSION = 1.0;
				PRODUCT_BUNDLE_IDENTIFIER = tech.m6i.eidolons;
				PRODUCT_NAME = "$(TARGET_NAME)";
				REGISTER_APP_GROUPS = YES;
				STRING_CATALOG_GENERATE_SYMBOLS = YES;
				SWIFT_APPROACHABLE_CONCURRENCY = YES;
				SWIFT_DEFAULT_ACTOR_ISOLATION = MainActor;
				SWIFT_EMIT_LOC_STRINGS = YES;
				SWIFT_UPCOMING_FEATURE_MEMBER_IMPORT_VISIBILITY = YES;
				SWIFT_VERSION = 5.0;
			};
			name = Release;
		};
		274BFA6D2F1AEAD4008AFBDF /* Debug */ = {
			isa = XCBuildConfiguration;
			buildSettings = {
				BUNDLE_LOADER = "$(TEST_HOST)";
				CODE_SIGN_STYLE = Automatic;
				CURRENT_PROJECT_VERSION = 1;
				DEVELOPMENT_TEAM = 7N2X49G865;
				GENERATE_INFOPLIST_FILE = YES;
				MACOSX_DEPLOYMENT_TARGET = 26.2;
				MARKETING_VERSION = 1.0;
				PRODUCT_BUNDLE_IDENTIFIER = tech.m6i.EidolonsTests;
				PRODUCT_NAME = "$(TARGET_NAME)";
				STRING_CATALOG_GENERATE_SYMBOLS = NO;
				SWIFT_APPROACHABLE_CONCURRENCY = YES;
				SWIFT_EMIT_LOC_STRINGS = NO;
				SWIFT_UPCOMING_FEATURE_MEMBER_IMPORT_VISIBILITY = YES;
				SWIFT_VERSION = 5.0;
				TEST_HOST = "$(BUILT_PRODUCTS_DIR)/Eidolons.app/$(BUNDLE_EXECUTABLE_FOLDER_PATH)/Eidolons";
			};
			name = Debug;
		};
		274BFA6E2F1AEAD4008AFBDF /* Release */ = {
			isa = XCBuildConfiguration;
			buildSettings = {
				BUNDLE_LOADER = "$(TEST_HOST)";
				CODE_SIGN_STYLE = Automatic;
				CURRENT_PROJECT_VERSION = 1;
				DEVELOPMENT_TEAM = 7N2X49G865;
				GENERATE_INFOPLIST_FILE = YES;
				MACOSX_DEPLOYMENT_TARGET = 26.2;
				MARKETING_VERSION = 1.0;
				PRODUCT_BUNDLE_IDENTIFIER = tech.m6i.EidolonsTests;
				PRODUCT_NAME = "$(TARGET_NAME)";
				STRING_CATALOG_GENERATE_SYMBOLS = NO;
				SWIFT_APPROACHABLE_CONCURRENCY = YES;
				SWIFT_EMIT_LOC_STRINGS = NO;
				SWIFT_UPCOMING_FEATURE_MEMBER_IMPORT_VISIBILITY = YES;
				SWIFT_VERSION = 5.0;
				TEST_HOST = "$(BUILT_PRODUCTS_DIR)/Eidolons.app/$(BUNDLE_EXECUTABLE_FOLDER_PATH)/Eidolons";
			};
			name = Release;
		};
		274BFA702F1AEAD4008AFBDF /* Debug */ = {
			isa = XCBuildConfiguration;
			buildSettings = {
				CODE_SIGN_STYLE = Automatic;
				CURRENT_PROJECT_VERSION = 1;
				DEVELOPMENT_TEAM = 7N2X49G865;
				GENERATE_INFOPLIST_FILE = YES;
				MARKETING_VERSION = 1.0;
				PRODUCT_BUNDLE_IDENTIFIER = tech.m6i.EidolonsUITests;
				PRODUCT_NAME = "$(TARGET_NAME)";
				STRING_CATALOG_GENERATE_SYMBOLS = NO;
				SWIFT_APPROACHABLE_CONCURRENCY = YES;
				SWIFT_EMIT_LOC_STRINGS = NO;
				SWIFT_UPCOMING_FEATURE_MEMBER_IMPORT_VISIBILITY = YES;
				SWIFT_VERSION = 5.0;
				TEST_TARGET_NAME = Eidolons;
			};
			name = Debug;
		};
		274BFA712F1AEAD4008AFBDF /* Release */ = {
			isa = XCBuildConfiguration;
			buildSettings = {
				CODE_SIGN_STYLE = Automatic;
				CURRENT_PROJECT_VERSION = 1;
				DEVELOPMENT_TEAM = 7N2X49G865;
				GENERATE_INFOPLIST_FILE = YES;
				MARKETING_VERSION = 1.0;
				PRODUCT_BUNDLE_IDENTIFIER = tech.m6i.EidolonsUITests;
				PRODUCT_NAME = "$(TARGET_NAME)";
				STRING_CATALOG_GENERATE_SYMBOLS = NO;
				SWIFT_APPROACHABLE_CONCURRENCY = YES;
				SWIFT_EMIT_LOC_STRINGS = NO;
				SWIFT_UPCOMING_FEATURE_MEMBER_IMPORT_VISIBILITY = YES;
				SWIFT_VERSION = 5.0;
				TEST_TARGET_NAME = Eidolons;
			};
			name = Release;
		};
/* End XCBuildConfiguration section */

/* Begin XCConfigurationList section */
		274BFA432F1AEAD4008AFBDF /* Build configuration list for PBXProject "Eidolons" */ = {
			isa = XCConfigurationList;
			buildConfigurations = (
				274BFA672F1AEAD4008AFBDF /* Debug */,
				274BFA682F1AEAD4008AFBDF /* Release */,
			);
			defaultConfigurationIsVisible = 0;
			defaultConfigurationName = Release;
		};
		274BFA692F1AEAD4008AFBDF /* Build configuration list for PBXNativeTarget "Eidolons" */ = {
			isa = XCConfigurationList;
			buildConfigurations = (
				274BFA6A2F1AEAD4008AFBDF /* Debug */,
				274BFA6B2F1AEAD4008AFBDF /* Release */,
			);
			defaultConfigurationIsVisible = 0;
			defaultConfigurationName = Release;
		};
		274BFA6C2F1AEAD4008AFBDF /* Build configuration list for PBXNativeTarget "EidolonsTests" */ = {
			isa = XCConfigurationList;
			buildConfigurations = (
				274BFA6D2F1AEAD4008AFBDF /* Debug */,
				274BFA6E2F1AEAD4008AFBDF /* Release */,
			);
			defaultConfigurationIsVisible = 0;
			defaultConfigurationName = Release;
		};
		274BFA6F2F1AEAD4008AFBDF /* Build configuration list for PBXNativeTarget "EidolonsUITests" */ = {
			isa = XCConfigurationList;
			buildConfigurations = (
				274BFA702F1AEAD4008AFBDF /* Debug */,
				274BFA712F1AEAD4008AFBDF /* Release */,
			);
			defaultConfigurationIsVisible = 0;
			defaultConfigurationName = Release;
		};
/* End XCConfigurationList section */

/* Begin XCLocalSwiftPackageReference section */
		27D54D652F1AF6EF00B53566 /* XCLocalSwiftPackageReference "../../macos" */ = {
			isa = XCLocalSwiftPackageReference;
			relativePath = ../../macos;
		};
/* End XCLocalSwiftPackageReference section */

/* Begin XCSwiftPackageProductDependency section */
		27E92C012F1AFDBD00071830 /* EidolonsApp */ = {
			isa = XCSwiftPackageProductDependency;
			package = 27D54D652F1AF6EF00B53566 /* XCLocalSwiftPackageReference "../../macos" */;
			productName = EidolonsApp;
		};
/* End XCSwiftPackageProductDependency section */
	};
	rootObject = 274BFA402F1AEAD4008AFBDF /* Project object */;
}
